// !$*UTF8*$!
{
	archiveVersion = 1;
	classes = {
	};
	objectVersion = 52;
	objects = {

/* Begin PBXBuildFile section */
		6D142C2F2390EB2200E19F99 /* AppDelegate.swift in Sources */ = {isa = PBXBuildFile; fileRef = 6D142C2E2390EB2200E19F99 /* AppDelegate.swift */; };
		6D142C312390EB2200E19F99 /* SceneDelegate.swift in Sources */ = {isa = PBXBuildFile; fileRef = 6D142C302390EB2200E19F99 /* SceneDelegate.swift */; };
		6D142C342390EB2200E19F99 /* ApiConsumer.xcdatamodeld in Sources */ = {isa = PBXBuildFile; fileRef = 6D142C322390EB2200E19F99 /* ApiConsumer.xcdatamodeld */; };
		6D142C362390EB2200E19F99 /* ContentView.swift in Sources */ = {isa = PBXBuildFile; fileRef = 6D142C352390EB2200E19F99 /* ContentView.swift */; };
		6D142C382390EB2500E19F99 /* Assets.xcassets in Resources */ = {isa = PBXBuildFile; fileRef = 6D142C372390EB2500E19F99 /* Assets.xcassets */; };
		6D142C3B2390EB2500E19F99 /* Preview Assets.xcassets in Resources */ = {isa = PBXBuildFile; fileRef = 6D142C3A2390EB2500E19F99 /* Preview Assets.xcassets */; };
		6D142C3E2390EB2500E19F99 /* LaunchScreen.storyboard in Resources */ = {isa = PBXBuildFile; fileRef = 6D142C3C2390EB2500E19F99 /* LaunchScreen.storyboard */; };
		6D142C472390EB7E00E19F99 /* Alamofire in Frameworks */ = {isa = PBXBuildFile; productRef = 6D142C462390EB7E00E19F99 /* Alamofire */; };
		6D142C4A2390EBC500E19F99 /* SwiftyJSON in Frameworks */ = {isa = PBXBuildFile; productRef = 6D142C492390EBC500E19F99 /* SwiftyJSON */; };
/* End PBXBuildFile section */

/* Begin PBXFileReference section */
		6D142C2B2390EB2200E19F99 /* ApiConsumer.app */ = {isa = PBXFileReference; explicitFileType = wrapper.application; includeInIndex = 0; path = ApiConsumer.app; sourceTree = BUILT_PRODUCTS_DIR; };
		6D142C2E2390EB2200E19F99 /* AppDelegate.swift */ = {isa = PBXFileReference; lastKnownFileType = sourcecode.swift; path = AppDelegate.swift; sourceTree = "<group>"; };
		6D142C302390EB2200E19F99 /* SceneDelegate.swift */ = {isa = PBXFileReference; lastKnownFileType = sourcecode.swift; path = SceneDelegate.swift; sourceTree = "<group>"; };
		6D142C332390EB2200E19F99 /* ApiConsumer.xcdatamodel */ = {isa = PBXFileReference; lastKnownFileType = wrapper.xcdatamodel; path = ApiConsumer.xcdatamodel; sourceTree = "<group>"; };
		6D142C352390EB2200E19F99 /* ContentView.swift */ = {isa = PBXFileReference; lastKnownFileType = sourcecode.swift; path = ContentView.swift; sourceTree = "<group>"; };
		6D142C372390EB2500E19F99 /* Assets.xcassets */ = {isa = PBXFileReference; lastKnownFileType = folder.assetcatalog; path = Assets.xcassets; sourceTree = "<group>"; };
		6D142C3A2390EB2500E19F99 /* Preview Assets.xcassets */ = {isa = PBXFileReference; lastKnownFileType = folder.assetcatalog; path = "Preview Assets.xcassets"; sourceTree = "<group>"; };
		6D142C3D2390EB2500E19F99 /* Base */ = {isa = PBXFileReference; lastKnownFileType = file.storyboard; name = Base; path = Base.lproj/LaunchScreen.storyboard; sourceTree = "<group>"; };
		6D142C3F2390EB2500E19F99 /* Info.plist */ = {isa = PBXFileReference; lastKnownFileType = text.plist.xml; path = Info.plist; sourceTree = "<group>"; };
/* End PBXFileReference section */

/* Begin PBXFrameworksBuildPhase section */
		6D142C282390EB2200E19F99 /* Frameworks */ = {
			isa = PBXFrameworksBuildPhase;
			buildActionMask = 2147483647;
			files = (
				6D142C4A2390EBC500E19F99 /* SwiftyJSON in Frameworks */,
				6D142C472390EB7E00E19F99 /* Alamofire in Frameworks */,
			);
			runOnlyForDeploymentPostprocessing = 0;
		};
/* End PBXFrameworksBuildPhase section */

/* Begin PBXGroup section */
		6D142C222390EB2200E19F99 = {
			isa = PBXGroup;
			children = (
				6D142C2D2390EB2200E19F99 /* ApiConsumer */,
				6D142C2C2390EB2200E19F99 /* Products */,
			);
			sourceTree = "<group>";
		};
		6D142C2C2390EB2200E19F99 /* Products */ = {
			isa = PBXGroup;
			children = (
				6D142C2B2390EB2200E19F99 /* ApiConsumer.app */,
			);
			name = Products;
			sourceTree = "<group>";
		};
		6D142C2D2390EB2200E19F99 /* ApiConsumer */ = {
			isa = PBXGroup;
			children = (
				6D142C2E2390EB2200E19F99 /* AppDelegate.swift */,
				6D142C302390EB2200E19F99 /* SceneDelegate.swift */,
				6D142C352390EB2200E19F99 /* ContentView.swift */,
				6D142C372390EB2500E19F99 /* Assets.xcassets */,
				6D142C3C2390EB2500E19F99 /* LaunchScreen.storyboard */,
				6D142C3F2390EB2500E19F99 /* Info.plist */,
				6D142C322390EB2200E19F99 /* ApiConsumer.xcdatamodeld */,
				6D142C392390EB2500E19F99 /* Preview Content */,
			);
			path = ApiConsumer;
			sourceTree = "<group>";
		};
		6D142C392390EB2500E19F99 /* Preview Content */ = {
			isa = PBXGroup;
			children = (
				6D142C3A2390EB2500E19F99 /* Preview Assets.xcassets */,
			);
			path = "Preview Content";
			sourceTree = "<group>";
		};
/* End PBXGroup section */

/* Begin PBXNativeTarget section */
		6D142C2A2390EB2200E19F99 /* ApiConsumer */ = {
			isa = PBXNativeTarget;
			buildConfigurationList = 6D142C422390EB2500E19F99 /* Build configuration list for PBXNativeTarget "ApiConsumer" */;
			buildPhases = (
				6D142C272390EB2200E19F99 /* Sources */,
				6D142C282390EB2200E19F99 /* Frameworks */,
				6D142C292390EB2200E19F99 /* Resources */,
			);
			buildRules = (
			);
			dependencies = (
			);
			name = ApiConsumer;
			packageProductDependencies = (
				6D142C462390EB7E00E19F99 /* Alamofire */,
				6D142C492390EBC500E19F99 /* SwiftyJSON */,
			);
			productName = ApiConsumer;
			productReference = 6D142C2B2390EB2200E19F99 /* ApiConsumer.app */;
			productType = "com.apple.product-type.application";
		};
/* End PBXNativeTarget section */

/* Begin PBXProject section */
		6D142C232390EB2200E19F99 /* Project object */ = {
			isa = PBXProject;
			attributes = {
				LastSwiftUpdateCheck = 1120;
				LastUpgradeCheck = 1120;
				ORGANIZATIONNAME = DiegoNarreaM;
				TargetAttributes = {
					6D142C2A2390EB2200E19F99 = {
						CreatedOnToolsVersion = 11.2.1;
					};
				};
			};
			buildConfigurationList = 6D142C262390EB2200E19F99 /* Build configuration list for PBXProject "ApiConsumer" */;
			compatibilityVersion = "Xcode 9.3";
			developmentRegion = en;
			hasScannedForEncodings = 0;
			knownRegions = (
				en,
				Base,
			);
			mainGroup = 6D142C222390EB2200E19F99;
			packageReferences = (
				6D142C452390EB7E00E19F99 /* XCRemoteSwiftPackageReference "Alamofire" */,
				6D142C482390EBC500E19F99 /* XCRemoteSwiftPackageReference "SwiftyJSON" */,
			);
			productRefGroup = 6D142C2C2390EB2200E19F99 /* Products */;
			projectDirPath = "";
			projectRoot = "";
			targets = (
				6D142C2A2390EB2200E19F99 /* ApiConsumer */,
			);
		};
/* End PBXProject section */

/* Begin PBXResourcesBuildPhase section */
		6D142C292390EB2200E19F99 /* Resources */ = {
			isa = PBXResourcesBuildPhase;
			buildActionMask = 2147483647;
			files = (
				6D142C3E2390EB2500E19F99 /* LaunchScreen.storyboard in Resources */,
				6D142C3B2390EB2500E19F99 /* Preview Assets.xcassets in Resources */,
				6D142C382390EB2500E19F99 /* Assets.xcassets in Resources */,
			);
			runOnlyForDeploymentPostprocessing = 0;
		};
/* End PBXResourcesBuildPhase section */

/* Begin PBXSourcesBuildPhase section */
		6D142C272390EB2200E19F99 /* Sources */ = {
			isa = PBXSourcesBuildPhase;
			buildActionMask = 2147483647;
			files = (
				6D142C2F2390EB2200E19F99 /* AppDelegate.swift in Sources */,
				6D142C312390EB2200E19F99 /* SceneDelegate.swift in Sources */,
				6D142C362390EB2200E19F99 /* ContentView.swift in Sources */,
				6D142C342390EB2200E19F99 /* ApiConsumer.xcdatamodeld in Sources */,
			);
			runOnlyForDeploymentPostprocessing = 0;
		};
/* End PBXSourcesBuildPhase section */

/* Begin PBXVariantGroup section */
		6D142C3C2390EB2500E19F99 /* LaunchScreen.storyboard */ = {
			isa = PBXVariantGroup;
			children = (
				6D142C3D2390EB2500E19F99 /* Base */,
			);
			name = LaunchScreen.storyboard;
			sourceTree = "<group>";
		};
/* End PBXVariantGroup section */

/* Begin XCBuildConfiguration section */
		6D142C402390EB2500E19F99 /* Debug */ = {
			isa = XCBuildConfiguration;
			buildSettings = {
				ALWAYS_SEARCH_USER_PATHS = NO;
				CLANG_ANALYZER_NONNULL = YES;
				CLANG_ANALYZER_NUMBER_OBJECT_CONVERSION = YES_AGGRESSIVE;
				CLANG_CXX_LANGUAGE_STANDARD = "gnu++14";
				CLANG_CXX_LIBRARY = "libc++";
				CLANG_ENABLE_MODULES = YES;
				CLANG_ENABLE_OBJC_ARC = YES;
				CLANG_ENABLE_OBJC_WEAK = YES;
				CLANG_WARN_BLOCK_CAPTURE_AUTORELEASING = YES;
				CLANG_WARN_BOOL_CONVERSION = YES;
				CLANG_WARN_COMMA = YES;
				CLANG_WARN_CONSTANT_CONVERSION = YES;
				CLANG_WARN_DEPRECATED_OBJC_IMPLEMENTATIONS = YES;
				CLANG_WARN_DIRECT_OBJC_ISA_USAGE = YES_ERROR;
				CLANG_WARN_DOCUMENTATION_COMMENTS = YES;
				CLANG_WARN_EMPTY_BODY = YES;
				CLANG_WARN_ENUM_CONVERSION = YES;
				CLANG_WARN_INFINITE_RECURSION = YES;
				CLANG_WARN_INT_CONVERSION = YES;
				CLANG_WARN_NON_LITERAL_NULL_CONVERSION = YES;
				CLANG_WARN_OBJC_IMPLICIT_RETAIN_SELF = YES;
				CLANG_WARN_OBJC_LITERAL_CONVERSION = YES;
				CLANG_WARN_OBJC_ROOT_CLASS = YES_ERROR;
				CLANG_WARN_RANGE_LOOP_ANALYSIS = YES;
				CLANG_WARN_STRICT_PROTOTYPES = YES;
				CLANG_WARN_SUSPICIOUS_MOVE = YES;
				CLANG_WARN_UNGUARDED_AVAILABILITY = YES_AGGRESSIVE;
				CLANG_WARN_UNREACHABLE_CODE = YES;
				CLANG_WARN__DUPLICATE_METHOD_MATCH = YES;
				COPY_PHASE_STRIP = NO;
				DEBUG_INFORMATION_FORMAT = dwarf;
				ENABLE_STRICT_OBJC_MSGSEND = YES;
				ENABLE_TESTABILITY = YES;
				GCC_C_LANGUAGE_STANDARD = gnu11;
				GCC_DYNAMIC_NO_PIC = NO;
				GCC_NO_COMMON_BLOCKS = YES;
				GCC_OPTIMIZATION_LEVEL = 0;
				GCC_PREPROCESSOR_DEFINITIONS = (
					"DEBUG=1",
					"$(inherited)",
				);
				GCC_WARN_64_TO_32_BIT_CONVERSION = YES;
				GCC_WARN_ABOUT_RETURN_TYPE = YES_ERROR;
				GCC_WARN_UNDECLARED_SELECTOR = YES;
				GCC_WARN_UNINITIALIZED_AUTOS = YES_AGGRESSIVE;
				GCC_WARN_UNUSED_FUNCTION = YES;
				GCC_WARN_UNUSED_VARIABLE = YES;
				IPHONEOS_DEPLOYMENT_TARGET = 13.2;
				MTL_ENABLE_DEBUG_INFO = INCLUDE_SOURCE;
				MTL_FAST_MATH = YES;
				ONLY_ACTIVE_ARCH = YES;
				SDKROOT = iphoneos;
				SWIFT_ACTIVE_COMPILATION_CONDITIONS = DEBUG;
				SWIFT_OPTIMIZATION_LEVEL = "-Onone";
			};
			name = Debug;
		};
		6D142C412390EB2500E19F99 /* Release */ = {
			isa = XCBuildConfiguration;
			buildSettings = {
				ALWAYS_SEARCH_USER_PATHS = NO;
				CLANG_ANALYZER_NONNULL = YES;
				CLANG_ANALYZER_NUMBER_OBJECT_CONVERSION = YES_AGGRESSIVE;
				CLANG_CXX_LANGUAGE_STANDARD = "gnu++14";
				CLANG_CXX_LIBRARY = "libc++";
				CLANG_ENABLE_MODULES = YES;
				CLANG_ENABLE_OBJC_ARC = YES;
				CLANG_ENABLE_OBJC_WEAK = YES;
				CLANG_WARN_BLOCK_CAPTURE_AUTORELEASING = YES;
				CLANG_WARN_BOOL_CONVERSION = YES;
				CLANG_WARN_COMMA = YES;
				CLANG_WARN_CONSTANT_CONVERSION = YES;
				CLANG_WARN_DEPRECATED_OBJC_IMPLEMENTATIONS = YES;
				CLANG_WARN_DIRECT_OBJC_ISA_USAGE = YES_ERROR;
				CLANG_WARN_DOCUMENTATION_COMMENTS = YES;
				CLANG_WARN_EMPTY_BODY = YES;
				CLANG_WARN_ENUM_CONVERSION = YES;
				CLANG_WARN_INFINITE_RECURSION = YES;
				CLANG_WARN_INT_CONVERSION = YES;
				CLANG_WARN_NON_LITERAL_NULL_CONVERSION = YES;
				CLANG_WARN_OBJC_IMPLICIT_RETAIN_SELF = YES;
				CLANG_WARN_OBJC_LITERAL_CONVERSION = YES;
				CLANG_WARN_OBJC_ROOT_CLASS = YES_ERROR;
				CLANG_WARN_RANGE_LOOP_ANALYSIS = YES;
				CLANG_WARN_STRICT_PROTOTYPES = YES;
				CLANG_WARN_SUSPICIOUS_MOVE = YES;
				CLANG_WARN_UNGUARDED_AVAILABILITY = YES_AGGRESSIVE;
				CLANG_WARN_UNREACHABLE_CODE = YES;
				CLANG_WARN__DUPLICATE_METHOD_MATCH = YES;
				COPY_PHASE_STRIP = NO;
				DEBUG_INFORMATION_FORMAT = "dwarf-with-dsym";
				ENABLE_NS_ASSERTIONS = NO;
				ENABLE_STRICT_OBJC_MSGSEND = YES;
				GCC_C_LANGUAGE_STANDARD = gnu11;
				GCC_NO_COMMON_BLOCKS = YES;
				GCC_WARN_64_TO_32_BIT_CONVERSION = YES;
				GCC_WARN_ABOUT_RETURN_TYPE = YES_ERROR;
				GCC_WARN_UNDECLARED_SELECTOR = YES;
				GCC_WARN_UNINITIALIZED_AUTOS = YES_AGGRESSIVE;
				GCC_WARN_UNUSED_FUNCTION = YES;
				GCC_WARN_UNUSED_VARIABLE = YES;
				IPHONEOS_DEPLOYMENT_TARGET = 13.2;
				MTL_ENABLE_DEBUG_INFO = NO;
				MTL_FAST_MATH = YES;
				SDKROOT = iphoneos;
				SWIFT_COMPILATION_MODE = wholemodule;
				SWIFT_OPTIMIZATION_LEVEL = "-O";
				VALIDATE_PRODUCT = YES;
			};
			name = Release;
		};
		6D142C432390EB2500E19F99 /* Debug */ = {
			isa = XCBuildConfiguration;
			buildSettings = {
				ASSETCATALOG_COMPILER_APPICON_NAME = AppIcon;
				CODE_SIGN_STYLE = Automatic;
				DEVELOPMENT_ASSET_PATHS = "\"ApiConsumer/Preview Content\"";
				DEVELOPMENT_TEAM = 8468U436K8;
				ENABLE_PREVIEWS = YES;
				INFOPLIST_FILE = ApiConsumer/Info.plist;
				LD_RUNPATH_SEARCH_PATHS = (
					"$(inherited)",
					"@executable_path/Frameworks",
				);
				PRODUCT_BUNDLE_IDENTIFIER = com.code.ApiConsumer;
				PRODUCT_NAME = "$(TARGET_NAME)";
				SWIFT_VERSION = 5.0;
				TARGETED_DEVICE_FAMILY = "1,2";
			};
			name = Debug;
		};
		6D142C442390EB2500E19F99 /* Release */ = {
			isa = XCBuildConfiguration;
			buildSettings = {
				ASSETCATALOG_COMPILER_APPICON_NAME = AppIcon;
				CODE_SIGN_STYLE = Automatic;
				DEVELOPMENT_ASSET_PATHS = "\"ApiConsumer/Preview Content\"";
				DEVELOPMENT_TEAM = 8468U436K8;
				ENABLE_PREVIEWS = YES;
				INFOPLIST_FILE = ApiConsumer/Info.plist;
				LD_RUNPATH_SEARCH_PATHS = (
					"$(inherited)",
					"@executable_path/Frameworks",
				);
				PRODUCT_BUNDLE_IDENTIFIER = com.code.ApiConsumer;
				PRODUCT_NAME = "$(TARGET_NAME)";
				SWIFT_VERSION = 5.0;
				TARGETED_DEVICE_FAMILY = "1,2";
			};
			name = Release;
		};
/* End XCBuildConfiguration section */

/* Begin XCConfigurationList section */
		6D142C262390EB2200E19F99 /* Build configuration list for PBXProject "ApiConsumer" */ = {
			isa = XCConfigurationList;
			buildConfigurations = (
				6D142C402390EB2500E19F99 /* Debug */,
				6D142C412390EB2500E19F99 /* Release */,
			);
			defaultConfigurationIsVisible = 0;
			defaultConfigurationName = Release;
		};
		6D142C422390EB2500E19F99 /* Build configuration list for PBXNativeTarget "ApiConsumer" */ = {
			isa = XCConfigurationList;
			buildConfigurations = (
				6D142C432390EB2500E19F99 /* Debug */,
				6D142C442390EB2500E19F99 /* Release */,
			);
			defaultConfigurationIsVisible = 0;
			defaultConfigurationName = Release;
		};
/* End XCConfigurationList section */

/* Begin XCRemoteSwiftPackageReference section */
		6D142C452390EB7E00E19F99 /* XCRemoteSwiftPackageReference "Alamofire" */ = {
			isa = XCRemoteSwiftPackageReference;
			repositoryURL = "https://github.com/Alamofire/Alamofire.git";
			requirement = {
				kind = upToNextMajorVersion;
				minimumVersion = 4.9.1;
			};
		};
		6D142C482390EBC500E19F99 /* XCRemoteSwiftPackageReference "SwiftyJSON" */ = {
			isa = XCRemoteSwiftPackageReference;
			repositoryURL = "https://github.com/SwiftyJSON/SwiftyJSON";
			requirement = {
				kind = upToNextMajorVersion;
				minimumVersion = 5.0.0;
			};
		};
/* End XCRemoteSwiftPackageReference section */

/* Begin XCSwiftPackageProductDependency section */
		6D142C462390EB7E00E19F99 /* Alamofire */ = {
			isa = XCSwiftPackageProductDependency;
			package = 6D142C452390EB7E00E19F99 /* XCRemoteSwiftPackageReference "Alamofire" */;
			productName = Alamofire;
		};
		6D142C492390EBC500E19F99 /* SwiftyJSON */ = {
			isa = XCSwiftPackageProductDependency;
			package = 6D142C482390EBC500E19F99 /* XCRemoteSwiftPackageReference "SwiftyJSON" */;
			productName = SwiftyJSON;
		};
/* End XCSwiftPackageProductDependency section */

/* Begin XCVersionGroup section */
		6D142C322390EB2200E19F99 /* ApiConsumer.xcdatamodeld */ = {
			isa = XCVersionGroup;
			children = (
				6D142C332390EB2200E19F99 /* ApiConsumer.xcdatamodel */,
			);
			currentVersion = 6D142C332390EB2200E19F99 /* ApiConsumer.xcdatamodel */;
			path = ApiConsumer.xcdatamodeld;
			sourceTree = "<group>";
			versionGroupType = wrapper.xcdatamodel;
		};
/* End XCVersionGroup section */
	};
	rootObject = 6D142C232390EB2200E19F99 /* Project object */;
}
